
Microsoft Visual Studio Solution File, Format Version 12.00
# Visual Studio 2012
Project("{FAE04EC0-301F-11D3-BF4B-00C04F79EFBC}") = "helloworld", "helloworld\helloworld.csproj", "{FA812A97-9F56-425B-9B8C-5DBFE7BD3E0D}"
EndProject
Project("{FAE04EC0-301F-11D3-BF4B-00C04F79EFBC}") = "typesystem", "typesystem\typesystem.csproj", "{96D95312-DBFE-44C2-BE76-D3C142C11AA0}"
EndProject
Project("{FAE04EC0-301F-11D3-BF4B-00C04F79EFBC}") = "usingtypes", "usingtypes\usingtypes.csproj", "{BBFA74DA-9A81-4CD5-AC77-20BDA109A6A9}"
EndProject
Project("{FAE04EC0-301F-11D3-BF4B-00C04F79EFBC}") = "ClassHierarchy", "ClassHierarchy\ClassHierarchy.csproj", "{0C0A1233-1A24-430A-9E76-3A435F4CB156}"
EndProject
Global
	GlobalSection(SolutionConfigurationPlatforms) = preSolution
		Debug|x86 = Debug|x86
		Release|x86 = Release|x86
	EndGlobalSection
	GlobalSection(ProjectConfigurationPlatforms) = postSolution
		{FA812A97-9F56-425B-9B8C-5DBFE7BD3E0D}.Debug|x86.ActiveCfg = Debug|x86
		{FA812A97-9F56-425B-9B8C-5DBFE7BD3E0D}.Debug|x86.Build.0 = Debug|x86
		{FA812A97-9F56-425B-9B8C-5DBFE7BD3E0D}.Release|x86.ActiveCfg = Release|x86
		{FA812A97-9F56-425B-9B8C-5DBFE7BD3E0D}.Release|x86.Build.0 = Release|x86
		{96D95312-DBFE-44C2-BE76-D3C142C11AA0}.Debug|x86.ActiveCfg = Debug|x86
		{96D95312-DBFE-44C2-BE76-D3C142C11AA0}.Debug|x86.Build.0 = Debug|x86
		{96D95312-DBFE-44C2-BE76-D3C142C11AA0}.Release|x86.ActiveCfg = Release|x86
		{96D95312-DBFE-44C2-BE76-D3C142C11AA0}.Release|x86.Build.0 = Release|x86
		{BBFA74DA-9A81-4CD5-AC77-20BDA109A6A9}.Debug|x86.ActiveCfg = Debug|x86
		{BBFA74DA-9A81-4CD5-AC77-20BDA109A6A9}.Debug|x86.Build.0 = Debug|x86
		{BBFA74DA-9A81-4CD5-AC77-20BDA109A6A9}.Release|x86.ActiveCfg = Release|x86
		{BBFA74DA-9A81-4CD5-AC77-20BDA109A6A9}.Release|x86.Build.0 = Release|x86
		{0C0A1233-1A24-430A-9E76-3A435F4CB156}.Debug|x86.ActiveCfg = Debug|x86
		{0C0A1233-1A24-430A-9E76-3A435F4CB156}.Debug|x86.Build.0 = Debug|x86
		{0C0A1233-1A24-430A-9E76-3A435F4CB156}.Release|x86.ActiveCfg = Release|x86
		{0C0A1233-1A24-430A-9E76-3A435F4CB156}.Release|x86.Build.0 = Release|x86
	EndGlobalSection
EndGlobal
